
Microsoft Visual Studio Solution File, Format Version 12.00
# Visual Studio 2012
Project("{FAE04EC0-301F-11D3-BF4B-00C04F79EFBC}") = "DomuInjector", "DomuInjector.csproj", "{97903C66-0A34-4E03-96B1-85F773C183CF}"
EndProject
Global
	GlobalSection(SolutionConfigurationPlatforms) = preSolution
		Debug|Any CPU = Debug|Any CPU
		Release|Any CPU = Release|Any CPU
	EndGlobalSection
	GlobalSection(ProjectConfigurationPlatforms) = postSolution
		{97903C66-0A34-4E03-96B1-85F773C183CF}.Debug|Any CPU.ActiveCfg = Debug|Any CPU
		{97903C66-0A34-4E03-96B1-85F773C183CF}.Debug|Any CPU.Build.0 = Debug|Any CPU
		{97903C66-0A34-4E03-96B1-85F773C183CF}.Release|Any CPU.ActiveCfg = Release|Any CPU
		{97903C66-0A34-4E03-96B1-85F773C183CF}.Release|Any CPU.Build.0 = Release|Any CPU
	EndGlobalSection
	GlobalSection(SolutionProperties) = preSolution
		HideSolutionNode = FALSE
	EndGlobalSection
EndGlobal
